
Microsoft Visual Studio Solution File, Format Version 12.00
# Visual Studio Version 17
VisualStudioVersion = 17.5.002.0
MinimumVisualStudioVersion = 10.0.40219.1
Project("{9A19103F-16F7-4668-BE54-9A1E7A4F7556}") = "UnreliableApi", "UnreliableApi.csproj", "{D450B8B7-FE17-4D4D-B1EB-8E1B7076CD43}"
EndProject
Global
	GlobalSection(SolutionConfigurationPlatforms) = preSolution
		Debug|Any CPU = Debug|Any CPU
		Release|Any CPU = Release|Any CPU
	EndGlobalSection
	GlobalSection(ProjectConfigurationPlatforms) = postSolution
		{D450B8B7-FE17-4D4D-B1EB-8E1B7076CD43}.Debug|Any CPU.ActiveCfg = Debug|Any CPU
		{D450B8B7-FE17-4D4D-B1EB-8E1B7076CD43}.Debug|Any CPU.Build.0 = Debug|Any CPU
		{D450B8B7-FE17-4D4D-B1EB-8E1B7076CD43}.Release|Any CPU.ActiveCfg = Release|Any CPU
		{D450B8B7-FE17-4D4D-B1EB-8E1B7076CD43}.Release|Any CPU.Build.0 = Release|Any CPU
	EndGlobalSection
	GlobalSection(SolutionProperties) = preSolution
		HideSolutionNode = FALSE
	EndGlobalSection
	GlobalSection(ExtensibilityGlobals) = postSolution
		SolutionGuid = {9AFE553A-AF0F-4A1E-BC93-DBFCBDE2109C}
	EndGlobalSection
EndGlobal
